{
  "schema_version": 1,
  "contract": {
    "id": "ishiku-design-5",
    "version": "5.0.0",
    "sha256": "46628d1b69e5c27c3a339a31afbb7c3bed8d148b2fb0916c975407d86e9a1516"
  },
  "application": {
    "id": "tuniku",
    "authentication": "standard-account",
    "locale": "en"
  },
  "implementation": [
    {
      "path": "design-system/components.css",
      "sha256": "16dde07b9e6d09de0944526371897155fe8e077f8d350523903aba2a596d0825",
      "roles": [
        "components"
      ]
    },
    {
      "path": "design-system/theme-controller.js",
      "sha256": "6e98d9d998b8fb57cc37f8291d7beaadec7790a737b0374388793f58f703f686",
      "roles": [
        "theme-controller"
      ]
    },
    {
      "path": "design-system/tokens.css",
      "sha256": "fef640e4ae2efa8ddee021bad6bfc0acd952dc63c594fd9051172521b950b69e",
      "roles": [
        "tokens"
      ]
    },
    {
      "path": "icons/psu-icons.svg",
      "sha256": "194bae32660f50af3938a72c1141f138e5c4150ca5634c3c036564a76e92bd94",
      "roles": [
        "icons"
      ]
    },
    {
      "path": "src/client/lib/theme.ts",
      "sha256": "809423cee0e384570751ca811b4e80a5ab4e73becf7a9cfd3d99505a443619ca",
      "roles": [
        "theme-controller"
      ]
    }
  ]
}
